
Microsoft Visual Studio Solution File, Format Version 12.00
# Visual Studio 2017
Project("{FAE04EC0-301F-11D3-BF4B-00C04F79EFBC}") = "BiM_Lab4_v3.Plugins", "BiM_Lab4_v3.Plugins.csproj", "{8292F64F-8EDF-EDAE-81A1-A7DC2A8C0F64}"
EndProject
Project("{FAE04EC0-301F-11D3-BF4B-00C04F79EFBC}") = "BiM_Lab4_v3", "BiM_Lab4_v3.csproj", "{8AAB78C1-CA9F-82E1-E3B6-93E5D53FC2ED}"
EndProject
Global
	GlobalSection(SolutionConfigurationPlatforms) = preSolution
		Debug|Any CPU = Debug|Any CPU
		Release|Any CPU = Release|Any CPU
	EndGlobalSection
	GlobalSection(ProjectConfigurationPlatforms) = postSolution
		{8292F64F-8EDF-EDAE-81A1-A7DC2A8C0F64}.Debug|Any CPU.ActiveCfg = Debug|Any CPU
		{8292F64F-8EDF-EDAE-81A1-A7DC2A8C0F64}.Debug|Any CPU.Build.0 = Debug|Any CPU
		{8292F64F-8EDF-EDAE-81A1-A7DC2A8C0F64}.Release|Any CPU.ActiveCfg = Release|Any CPU
		{8292F64F-8EDF-EDAE-81A1-A7DC2A8C0F64}.Release|Any CPU.Build.0 = Release|Any CPU
		{8AAB78C1-CA9F-82E1-E3B6-93E5D53FC2ED}.Debug|Any CPU.ActiveCfg = Debug|Any CPU
		{8AAB78C1-CA9F-82E1-E3B6-93E5D53FC2ED}.Debug|Any CPU.Build.0 = Debug|Any CPU
		{8AAB78C1-CA9F-82E1-E3B6-93E5D53FC2ED}.Release|Any CPU.ActiveCfg = Release|Any CPU
		{8AAB78C1-CA9F-82E1-E3B6-93E5D53FC2ED}.Release|Any CPU.Build.0 = Release|Any CPU
	EndGlobalSection
	GlobalSection(SolutionProperties) = preSolution
		HideSolutionNode = FALSE
	EndGlobalSection
EndGlobal
